// !$*UTF8*$!
{
	archiveVersion = 1;
	classes = {
	};
	objectVersion = 46;
	objects = {

/* Begin PBXBuildFile section */
		B0787E171A703CA3009BA0E3 /* main.m in Sources */ = {isa = PBXBuildFile; fileRef = B0787E161A703CA3009BA0E3 /* main.m */; };
		B0787E1A1A703CA3009BA0E3 /* AppDelegate.m in Sources */ = {isa = PBXBuildFile; fileRef = B0787E191A703CA3009BA0E3 /* AppDelegate.m */; };
		B0787E1D1A703CA3009BA0E3 /* PizzaListViewController.m in Sources */ = {isa = PBXBuildFile; fileRef = B0787E1C1A703CA3009BA0E3 /* PizzaListViewController.m */; };
		B0787E201A703CA3009BA0E3 /* Main.storyboard in Resources */ = {isa = PBXBuildFile; fileRef = B0787E1E1A703CA3009BA0E3 /* Main.storyboard */; };
		B0787E221A703CA3009BA0E3 /* Images.xcassets in Resources */ = {isa = PBXBuildFile; fileRef = B0787E211A703CA3009BA0E3 /* Images.xcassets */; };
		B0787E251A703CA4009BA0E3 /* LaunchScreen.xib in Resources */ = {isa = PBXBuildFile; fileRef = B0787E231A703CA4009BA0E3 /* LaunchScreen.xib */; };
		B0787E311A703CA4009BA0E3 /* ZaHunterTests.m in Sources */ = {isa = PBXBuildFile; fileRef = B0787E301A703CA4009BA0E3 /* ZaHunterTests.m */; };
		B0787E3B1A703CE6009BA0E3 /* MapKit.framework in Frameworks */ = {isa = PBXBuildFile; fileRef = B0787E3A1A703CE6009BA0E3 /* MapKit.framework */; };
		B0787E3D1A703CED009BA0E3 /* CoreLocation.framework in Frameworks */ = {isa = PBXBuildFile; fileRef = B0787E3C1A703CED009BA0E3 /* CoreLocation.framework */; };
		B0787E401A705315009BA0E3 /* PizzaSpot.m in Sources */ = {isa = PBXBuildFile; fileRef = B0787E3F1A705315009BA0E3 /* PizzaSpot.m */; };
/* End PBXBuildFile section */

/* Begin PBXContainerItemProxy section */
		B0787E2B1A703CA4009BA0E3 /* PBXContainerItemProxy */ = {
			isa = PBXContainerItemProxy;
			containerPortal = B0787E091A703CA3009BA0E3 /* Project object */;
			proxyType = 1;
			remoteGlobalIDString = B0787E101A703CA3009BA0E3;
			remoteInfo = ZaHunter;
		};
/* End PBXContainerItemProxy section */

/* Begin PBXFileReference section */
		B0787E111A703CA3009BA0E3 /* ZaHunter.app */ = {isa = PBXFileReference; explicitFileType = wrapper.application; includeInIndex = 0; path = ZaHunter.app; sourceTree = BUILT_PRODUCTS_DIR; };
		B0787E151A703CA3009BA0E3 /* Info.plist */ = {isa = PBXFileReference; lastKnownFileType = text.plist.xml; path = Info.plist; sourceTree = "<group>"; };
		B0787E161A703CA3009BA0E3 /* main.m */ = {isa = PBXFileReference; lastKnownFileType = sourcecode.c.objc; path = main.m; sourceTree = "<group>"; };
		B0787E181A703CA3009BA0E3 /* AppDelegate.h */ = {isa = PBXFileReference; lastKnownFileType = sourcecode.c.h; path = AppDelegate.h; sourceTree = "<group>"; };
		B0787E191A703CA3009BA0E3 /* AppDelegate.m */ = {isa = PBXFileReference; lastKnownFileType = sourcecode.c.objc; path = AppDelegate.m; sourceTree = "<group>"; };
		B0787E1B1A703CA3009BA0E3 /* PizzaListViewController.h */ = {isa = PBXFileReference; lastKnownFileType = sourcecode.c.h; path = PizzaListViewController.h; sourceTree = "<group>"; };
		B0787E1C1A703CA3009BA0E3 /* PizzaListViewController.m */ = {isa = PBXFileReference; lastKnownFileType = sourcecode.c.objc; path = PizzaListViewController.m; sourceTree = "<group>"; };
		B0787E1F1A703CA3009BA0E3 /* Base */ = {isa = PBXFileReference; lastKnownFileType = file.storyboard; name = Base; path = Base.lproj/Main.storyboard; sourceTree = "<group>"; };
		B0787E211A703CA3009BA0E3 /* Images.xcassets */ = {isa = PBXFileReference; lastKnownFileType = folder.assetcatalog; path = Images.xcassets; sourceTree = "<group>"; };
		B0787E241A703CA4009BA0E3 /* Base */ = {isa = PBXFileReference; lastKnownFileType = file.xib; name = Base; path = Base.lproj/LaunchScreen.xib; sourceTree = "<group>"; };
		B0787E2A1A703CA4009BA0E3 /* ZaHunterTests.xctest */ = {isa = PBXFileReference; explicitFileType = wrapper.cfbundle; includeInIndex = 0; path = ZaHunterTests.xctest; sourceTree = BUILT_PRODUCTS_DIR; };
		B0787E2F1A703CA4009BA0E3 /* Info.plist */ = {isa = PBXFileReference; lastKnownFileType = text.plist.xml; path = Info.plist; sourceTree = "<group>"; };
		B0787E301A703CA4009BA0E3 /* ZaHunterTests.m */ = {isa = PBXFileReference; lastKnownFileType = sourcecode.c.objc; path = ZaHunterTests.m; sourceTree = "<group>"; };
		B0787E3A1A703CE6009BA0E3 /* MapKit.framework */ = {isa = PBXFileReference; lastKnownFileType = wrapper.framework; name = MapKit.framework; path = System/Library/Frameworks/MapKit.framework; sourceTree = SDKROOT; };
		B0787E3C1A703CED009BA0E3 /* CoreLocation.framework */ = {isa = PBXFileReference; lastKnownFileType = wrapper.framework; name = CoreLocation.framework; path = System/Library/Frameworks/CoreLocation.framework; sourceTree = SDKROOT; };
		B0787E3E1A705315009BA0E3 /* PizzaSpot.h */ = {isa = PBXFileReference; fileEncoding = 4; lastKnownFileType = sourcecode.c.h; path = PizzaSpot.h; sourceTree = "<group>"; };
		B0787E3F1A705315009BA0E3 /* PizzaSpot.m */ = {isa = PBXFileReference; fileEncoding = 4; lastKnownFileType = sourcecode.c.objc; path = PizzaSpot.m; sourceTree = "<group>"; };
/* End PBXFileReference section */

/* Begin PBXFrameworksBuildPhase section */
		B0787E0E1A703CA3009BA0E3 /* Frameworks */ = {
			isa = PBXFrameworksBuildPhase;
			buildActionMask = 2147483647;
			files = (
				B0787E3D1A703CED009BA0E3 /* CoreLocation.framework in Frameworks */,
				B0787E3B1A703CE6009BA0E3 /* MapKit.framework in Frameworks */,
			);
			runOnlyForDeploymentPostprocessing = 0;
		};
		B0787E271A703CA4009BA0E3 /* Frameworks */ = {
			isa = PBXFrameworksBuildPhase;
			buildActionMask = 2147483647;
			files = (
			);
			runOnlyForDeploymentPostprocessing = 0;
		};
/* End PBXFrameworksBuildPhase section */

/* Begin PBXGroup section */
		B0787E081A703CA3009BA0E3 = {
			isa = PBXGroup;
			children = (
				B0787E3C1A703CED009BA0E3 /* CoreLocation.framework */,
				B0787E3A1A703CE6009BA0E3 /* MapKit.framework */,
				B0787E131A703CA3009BA0E3 /* ZaHunter */,
				B0787E2D1A703CA4009BA0E3 /* ZaHunterTests */,
				B0787E121A703CA3009BA0E3 /* Products */,
			);
			sourceTree = "<group>";
		};
		B0787E121A703CA3009BA0E3 /* Products */ = {
			isa = PBXGroup;
			children = (
				B0787E111A703CA3009BA0E3 /* ZaHunter.app */,
				B0787E2A1A703CA4009BA0E3 /* ZaHunterTests.xctest */,
			);
			name = Products;
			sourceTree = "<group>";
		};
		B0787E131A703CA3009BA0E3 /* ZaHunter */ = {
			isa = PBXGroup;
			children = (
				B0787E181A703CA3009BA0E3 /* AppDelegate.h */,
				B0787E191A703CA3009BA0E3 /* AppDelegate.m */,
				B0787E1B1A703CA3009BA0E3 /* PizzaListViewController.h */,
				B0787E1C1A703CA3009BA0E3 /* PizzaListViewController.m */,
				B0787E3E1A705315009BA0E3 /* PizzaSpot.h */,
				B0787E3F1A705315009BA0E3 /* PizzaSpot.m */,
				B0787E1E1A703CA3009BA0E3 /* Main.storyboard */,
				B0787E211A703CA3009BA0E3 /* Images.xcassets */,
				B0787E231A703CA4009BA0E3 /* LaunchScreen.xib */,
				B0787E141A703CA3009BA0E3 /* Supporting Files */,
			);
			path = ZaHunter;
			sourceTree = "<group>";
		};
		B0787E141A703CA3009BA0E3 /* Supporting Files */ = {
			isa = PBXGroup;
			children = (
				B0787E151A703CA3009BA0E3 /* Info.plist */,
				B0787E161A703CA3009BA0E3 /* main.m */,
			);
			name = "Supporting Files";
			sourceTree = "<group>";
		};
		B0787E2D1A703CA4009BA0E3 /* ZaHunterTests */ = {
			isa = PBXGroup;
			children = (
				B0787E301A703CA4009BA0E3 /* ZaHunterTests.m */,
				B0787E2E1A703CA4009BA0E3 /* Supporting Files */,
			);
			path = ZaHunterTests;
			sourceTree = "<group>";
		};
		B0787E2E1A703CA4009BA0E3 /* Supporting Files */ = {
			isa = PBXGroup;
			children = (
				B0787E2F1A703CA4009BA0E3 /* Info.plist */,
			);
			name = "Supporting Files";
			sourceTree = "<group>";
		};
/* End PBXGroup section */

/* Begin PBXNativeTarget section */
		B0787E101A703CA3009BA0E3 /* ZaHunter */ = {
			isa = PBXNativeTarget;
			buildConfigurationList = B0787E341A703CA4009BA0E3 /* Build configuration list for PBXNativeTarget "ZaHunter" */;
			buildPhases = (
				B0787E0D1A703CA3009BA0E3 /* Sources */,
				B0787E0E1A703CA3009BA0E3 /* Frameworks */,
				B0787E0F1A703CA3009BA0E3 /* Resources */,
			);
			buildRules = (
			);
			dependencies = (
			);
			name = ZaHunter;
			productName = ZaHunter;
			productReference = B0787E111A703CA3009BA0E3 /* ZaHunter.app */;
			productType = "com.apple.product-type.application";
		};
		B0787E291A703CA4009BA0E3 /* ZaHunterTests */ = {
			isa = PBXNativeTarget;
			buildConfigurationList = B0787E371A703CA4009BA0E3 /* Build configuration list for PBXNativeTarget "ZaHunterTests" */;
			buildPhases = (
				B0787E261A703CA4009BA0E3 /* Sources */,
				B0787E271A703CA4009BA0E3 /* Frameworks */,
				B0787E281A703CA4009BA0E3 /* Resources */,
			);
			buildRules = (
			);
			dependencies = (
				B0787E2C1A703CA4009BA0E3 /* PBXTargetDependency */,
			);
			name = ZaHunterTests;
			productName = ZaHunterTests;
			productReference = B0787E2A1A703CA4009BA0E3 /* ZaHunterTests.xctest */;
			productType = "com.apple.product-type.bundle.unit-test";
		};
/* End PBXNativeTarget section */

/* Begin PBXProject section */
		B0787E091A703CA3009BA0E3 /* Project object */ = {
			isa = PBXProject;
			attributes = {
				LastUpgradeCheck = 0610;
				ORGANIZATIONNAME = "Syed Amaanullah";
				TargetAttributes = {
					B0787E101A703CA3009BA0E3 = {
						CreatedOnToolsVersion = 6.1.1;
					};
					B0787E291A703CA4009BA0E3 = {
						CreatedOnToolsVersion = 6.1.1;
						TestTargetID = B0787E101A703CA3009BA0E3;
					};
				};
			};
			buildConfigurationList = B0787E0C1A703CA3009BA0E3 /* Build configuration list for PBXProject "ZaHunter" */;
			compatibilityVersion = "Xcode 3.2";
			developmentRegion = English;
			hasScannedForEncodings = 0;
			knownRegions = (
				en,
				Base,
			);
			mainGroup = B0787E081A703CA3009BA0E3;
			productRefGroup = B0787E121A703CA3009BA0E3 /* Products */;
			projectDirPath = "";
			projectRoot = "";
			targets = (
				B0787E101A703CA3009BA0E3 /* ZaHunter */,
				B0787E291A703CA4009BA0E3 /* ZaHunterTests */,
			);
		};
/* End PBXProject section */

/* Begin PBXResourcesBuildPhase section */
		B0787E0F1A703CA3009BA0E3 /* Resources */ = {
			isa = PBXResourcesBuildPhase;
			buildActionMask = 2147483647;
			files = (
				B0787E201A703CA3009BA0E3 /* Main.storyboard in Resources */,
				B0787E251A703CA4009BA0E3 /* LaunchScreen.xib in Resources */,
				B0787E221A703CA3009BA0E3 /* Images.xcassets in Resources */,
			);
			runOnlyForDeploymentPostprocessing = 0;
		};
		B0787E281A703CA4009BA0E3 /* Resources */ = {
			isa = PBXResourcesBuildPhase;
			buildActionMask = 2147483647;
			files = (
			);
			runOnlyForDeploymentPostprocessing = 0;
		};
/* End PBXResourcesBuildPhase section */

/* Begin PBXSourcesBuildPhase section */
		B0787E0D1A703CA3009BA0E3 /* Sources */ = {
			isa = PBXSourcesBuildPhase;
			buildActionMask = 2147483647;
			files = (
				B0787E1D1A703CA3009BA0E3 /* PizzaListViewController.m in Sources */,
				B0787E1A1A703CA3009BA0E3 /* AppDelegate.m in Sources */,
				B0787E401A705315009BA0E3 /* PizzaSpot.m in Sources */,
				B0787E171A703CA3009BA0E3 /* main.m in Sources */,
			);
			runOnlyForDeploymentPostprocessing = 0;
		};
		B0787E261A703CA4009BA0E3 /* Sources */ = {
			isa = PBXSourcesBuildPhase;
			buildActionMask = 2147483647;
			files = (
				B0787E311A703CA4009BA0E3 /* ZaHunterTests.m in Sources */,
			);
			runOnlyForDeploymentPostprocessing = 0;
		};
/* End PBXSourcesBuildPhase section */

/* Begin PBXTargetDependency section */
		B0787E2C1A703CA4009BA0E3 /* PBXTargetDependency */ = {
			isa = PBXTargetDependency;
			target = B0787E101A703CA3009BA0E3 /* ZaHunter */;
			targetProxy = B0787E2B1A703CA4009BA0E3 /* PBXContainerItemProxy */;
		};
/* End PBXTargetDependency section */

/* Begin PBXVariantGroup section */
		B0787E1E1A703CA3009BA0E3 /* Main.storyboard */ = {
			isa = PBXVariantGroup;
			children = (
				B0787E1F1A703CA3009BA0E3 /* Base */,
			);
			name = Main.storyboard;
			sourceTree = "<group>";
		};
		B0787E231A703CA4009BA0E3 /* LaunchScreen.xib */ = {
			isa = PBXVariantGroup;
			children = (
				B0787E241A703CA4009BA0E3 /* Base */,
			);
			name = LaunchScreen.xib;
			sourceTree = "<group>";
		};
/* End PBXVariantGroup section */

/* Begin XCBuildConfiguration section */
		B0787E321A703CA4009BA0E3 /* Debug */ = {
			isa = XCBuildConfiguration;
			buildSettings = {
				ALWAYS_SEARCH_USER_PATHS = NO;
				CLANG_CXX_LANGUAGE_STANDARD = "gnu++0x";
				CLANG_CXX_LIBRARY = "libc++";
				CLANG_ENABLE_MODULES = YES;
				CLANG_ENABLE_OBJC_ARC = YES;
				CLANG_WARN_BOOL_CONVERSION = YES;
				CLANG_WARN_CONSTANT_CONVERSION = YES;
				CLANG_WARN_DIRECT_OBJC_ISA_USAGE = YES_ERROR;
				CLANG_WARN_EMPTY_BODY = YES;
				CLANG_WARN_ENUM_CONVERSION = YES;
				CLANG_WARN_INT_CONVERSION = YES;
				CLANG_WARN_OBJC_ROOT_CLASS = YES_ERROR;
				CLANG_WARN_UNREACHABLE_CODE = YES;
				CLANG_WARN__DUPLICATE_METHOD_MATCH = YES;
				"CODE_SIGN_IDENTITY[sdk=iphoneos*]" = "iPhone Developer";
				COPY_PHASE_STRIP = NO;
				ENABLE_STRICT_OBJC_MSGSEND = YES;
				GCC_C_LANGUAGE_STANDARD = gnu99;
				GCC_DYNAMIC_NO_PIC = NO;
				GCC_OPTIMIZATION_LEVEL = 0;
				GCC_PREPROCESSOR_DEFINITIONS = (
					"DEBUG=1",
					"$(inherited)",
				);
				GCC_SYMBOLS_PRIVATE_EXTERN = NO;
				GCC_WARN_64_TO_32_BIT_CONVERSION = YES;
				GCC_WARN_ABOUT_RETURN_TYPE = YES_ERROR;
				GCC_WARN_UNDECLARED_SELECTOR = YES;
				GCC_WARN_UNINITIALIZED_AUTOS = YES_AGGRESSIVE;
				GCC_WARN_UNUSED_FUNCTION = YES;
				GCC_WARN_UNUSED_VARIABLE = YES;
				IPHONEOS_DEPLOYMENT_TARGET = 8.1;
				MTL_ENABLE_DEBUG_INFO = YES;
				ONLY_ACTIVE_ARCH = YES;
				SDKROOT = iphoneos;
			};
			name = Debug;
		};
		B0787E331A703CA4009BA0E3 /* Release */ = {
			isa = XCBuildConfiguration;
			buildSettings = {
				ALWAYS_SEARCH_USER_PATHS = NO;
				CLANG_CXX_LANGUAGE_STANDARD = "gnu++0x";
				CLANG_CXX_LIBRARY = "libc++";
				CLANG_ENABLE_MODULES = YES;
				CLANG_ENABLE_OBJC_ARC = YES;
				CLANG_WARN_BOOL_CONVERSION = YES;
				CLANG_WARN_CONSTANT_CONVERSION = YES;
				CLANG_WARN_DIRECT_OBJC_ISA_USAGE = YES_ERROR;
				CLANG_WARN_EMPTY_BODY = YES;
				CLANG_WARN_ENUM_CONVERSION = YES;
				CLANG_WARN_INT_CONVERSION = YES;
				CLANG_WARN_OBJC_ROOT_CLASS = YES_ERROR;
				CLANG_WARN_UNREACHABLE_CODE = YES;
				CLANG_WARN__DUPLICATE_METHOD_MATCH = YES;
				"CODE_SIGN_IDENTITY[sdk=iphoneos*]" = "iPhone Developer";
				COPY_PHASE_STRIP = YES;
				ENABLE_NS_ASSERTIONS = NO;
				ENABLE_STRICT_OBJC_MSGSEND = YES;
				GCC_C_LANGUAGE_STANDARD = gnu99;
				GCC_WARN_64_TO_32_BIT_CONVERSION = YES;
				GCC_WARN_ABOUT_RETURN_TYPE = YES_ERROR;
				GCC_WARN_UNDECLARED_SELECTOR = YES;
				GCC_WARN_UNINITIALIZED_AUTOS = YES_AGGRESSIVE;
				GCC_WARN_UNUSED_FUNCTION = YES;
				GCC_WARN_UNUSED_VARIABLE = YES;
				IPHONEOS_DEPLOYMENT_TARGET = 8.1;
				MTL_ENABLE_DEBUG_INFO = NO;
				SDKROOT = iphoneos;
				VALIDATE_PRODUCT = YES;
			};
			name = Release;
		};
		B0787E351A703CA4009BA0E3 /* Debug */ = {
			isa = XCBuildConfiguration;
			buildSettings = {
				ASSETCATALOG_COMPILER_APPICON_NAME = AppIcon;
				INFOPLIST_FILE = ZaHunter/Info.plist;
				LD_RUNPATH_SEARCH_PATHS = "$(inherited) @executable_path/Frameworks";
				PRODUCT_NAME = "$(TARGET_NAME)";
			};
			name = Debug;
		};
		B0787E361A703CA4009BA0E3 /* Release */ = {
			isa = XCBuildConfiguration;
			buildSettings = {
				ASSETCATALOG_COMPILER_APPICON_NAME = AppIcon;
				INFOPLIST_FILE = ZaHunter/Info.plist;
				LD_RUNPATH_SEARCH_PATHS = "$(inherited) @executable_path/Frameworks";
				PRODUCT_NAME = "$(TARGET_NAME)";
			};
			name = Release;
		};
		B0787E381A703CA4009BA0E3 /* Debug */ = {
			isa = XCBuildConfiguration;
			buildSettings = {
				BUNDLE_LOADER = "$(TEST_HOST)";
				FRAMEWORK_SEARCH_PATHS = (
					"$(SDKROOT)/Developer/Library/Frameworks",
					"$(inherited)",
				);
				GCC_PREPROCESSOR_DEFINITIONS = (
					"DEBUG=1",
					"$(inherited)",
				);
				INFOPLIST_FILE = ZaHunterTests/Info.plist;
				LD_RUNPATH_SEARCH_PATHS = "$(inherited) @executable_path/Frameworks @loader_path/Frameworks";
				PRODUCT_NAME = "$(TARGET_NAME)";
				TEST_HOST = "$(BUILT_PRODUCTS_DIR)/ZaHunter.app/ZaHunter";
			};
			name = Debug;
		};
		B0787E391A703CA4009BA0E3 /* Release */ = {
			isa = XCBuildConfiguration;
			buildSettings = {
				BUNDLE_LOADER = "$(TEST_HOST)";
				FRAMEWORK_SEARCH_PATHS = (
					"$(SDKROOT)/Developer/Library/Frameworks",
					"$(inherited)",
				);
				INFOPLIST_FILE = ZaHunterTests/Info.plist;
				LD_RUNPATH_SEARCH_PATHS = "$(inherited) @executable_path/Frameworks @loader_path/Frameworks";
				PRODUCT_NAME = "$(TARGET_NAME)";
				TEST_HOST = "$(BUILT_PRODUCTS_DIR)/ZaHunter.app/ZaHunter";
			};
			name = Release;
		};
/* End XCBuildConfiguration section */

/* Begin XCConfigurationList section */
		B0787E0C1A703CA3009BA0E3 /* Build configuration list for PBXProject "ZaHunter" */ = {
			isa = XCConfigurationList;
			buildConfigurations = (
				B0787E321A703CA4009BA0E3 /* Debug */,
				B0787E331A703CA4009BA0E3 /* Release */,
			);
			defaultConfigurationIsVisible = 0;
			defaultConfigurationName = Release;
		};
		B0787E341A703CA4009BA0E3 /* Build configuration list for PBXNativeTarget "ZaHunter" */ = {
			isa = XCConfigurationList;
			buildConfigurations = (
				B0787E351A703CA4009BA0E3 /* Debug */,
				B0787E361A703CA4009BA0E3 /* Release */,
			);
			defaultConfigurationIsVisible = 0;
		};
		B0787E371A703CA4009BA0E3 /* Build configuration list for PBXNativeTarget "ZaHunterTests" */ = {
			isa = XCConfigurationList;
			buildConfigurations = (
				B0787E381A703CA4009BA0E3 /* Debug */,
				B0787E391A703CA4009BA0E3 /* Release */,
			);
			defaultConfigurationIsVisible = 0;
		};
/* End XCConfigurationList section */
	};
	rootObject = B0787E091A703CA3009BA0E3 /* Project object */;
}
